
Microsoft Visual Studio Solution File, Format Version 12.00
# Visual Studio Version 16
VisualStudioVersion = 16.0.28803.452
MinimumVisualStudioVersion = 10.0.40219.1
Project("{8BC9CEB8-8B4A-11D0-8D11-00A0C91BC942}") = "cor_dense_batch", "vcproj\cor_dense_batch\cor_dense_batch.vcxproj", "{965695EC-3304-4D9D-BF6D-34C09D51785F}"
EndProject
Project("{8BC9CEB8-8B4A-11D0-8D11-00A0C91BC942}") = "cor_dense_online", "vcproj\cor_dense_online\cor_dense_online.vcxproj", "{F42E178D-1F04-498E-BC38-C90BC6E4D977}"
EndProject
Project("{8BC9CEB8-8B4A-11D0-8D11-00A0C91BC942}") = "low_order_moms_dense_batch", "vcproj\low_order_moms_dense_batch\low_order_moms_dense_batch.vcxproj", "{3529DF89-4DF8-4724-A0C0-9734341FD9FF}"
EndProject
Project("{8BC9CEB8-8B4A-11D0-8D11-00A0C91BC942}") = "low_order_moms_dense_online", "vcproj\low_order_moms_dense_online\low_order_moms_dense_online.vcxproj", "{2735C994-D97F-4BC5-9844-0F1A2952A85B}"
EndProject
Project("{8BC9CEB8-8B4A-11D0-8D11-00A0C91BC942}") = "lin_reg_norm_eq_dense_batch", "vcproj\lin_reg_norm_eq_dense_batch\lin_reg_norm_eq_dense_batch.vcxproj", "{45620203-512B-40BA-BCCA-4DC6608E5529}"
EndProject
Project("{8BC9CEB8-8B4A-11D0-8D11-00A0C91BC942}") = "lin_reg_norm_eq_dense_online", "vcproj\lin_reg_norm_eq_dense_online\lin_reg_norm_eq_dense_online.vcxproj", "{C8A5E345-9369-42DB-ACB2-3E3837B780F8}"
EndProject
Project("{8BC9CEB8-8B4A-11D0-8D11-00A0C91BC942}") = "log_reg_binary_dense_batch", "vcproj\log_reg_binary_dense_batch\log_reg_binary_dense_batch.vcxproj", "{7AC59A37-C9CC-43C2-9C0D-EEDBF4DC974F}"
EndProject
Project("{8BC9CEB8-8B4A-11D0-8D11-00A0C91BC942}") = "kmeans_init_dense_batch", "vcproj\kmeans_init_dense_batch\kmeans_init_dense_batch.vcxproj", "{A7B441BE-8E08-4F7C-B906-FD3A7A4A76D8}"
EndProject
Project("{8BC9CEB8-8B4A-11D0-8D11-00A0C91BC942}") = "kmeans_dense_batch", "vcproj\kmeans_dense_batch\kmeans_dense_batch.vcxproj", "{AC6C12DE-FABC-44B0-B3EA-5F6290293D0A}"
EndProject
Project("{8BC9CEB8-8B4A-11D0-8D11-00A0C91BC942}") = "log_reg_dense_batch", "vcproj\log_reg_dense_batch\log_reg_dense_batch.vcxproj", "{D0ECBC54-3C30-47FE-9222-DB01806DADFA}"
EndProject
Project("{8BC9CEB8-8B4A-11D0-8D11-00A0C91BC942}") = "sgd_mini_log_loss_dense_batch", "vcproj\sgd_mini_log_loss_dense_batch\sgd_mini_log_loss_dense_batch.vcxproj", "{562A2BE0-4061-4D37-9DE8-22F621C696B7}"
EndProject
Project("{8BC9CEB8-8B4A-11D0-8D11-00A0C91BC942}") = "pca_cor_dense_batch", "vcproj\pca_cor_dense_batch\pca_cor_dense_batch.vcxproj", "{3F3DB339-0194-4A03-A430-F547E94CD5CA}"
EndProject
Project("{8BC9CEB8-8B4A-11D0-8D11-00A0C91BC942}") = "datastructures_soa", "vcproj\datastructures_soa\datastructures_soa.vcxproj", "{0951F77E-EFD2-4A06-A012-29B275347620}"
EndProject
Project("{8BC9CEB8-8B4A-11D0-8D11-00A0C91BC942}") = "datastructures_usm", "vcproj\datastructures_usm\datastructures_usm.vcxproj", "{E6E61E4A-BD29-4CBB-BB82-6F3BEBA5DAD3}"
EndProject
Project("{8BC9CEB8-8B4A-11D0-8D11-00A0C91BC942}") = "bf_knn_dense_batch", "vcproj\bf_knn_dense_batch\bf_knn_dense_batch.vcxproj", "{26200A24-98E4-4D66-AADA-07F7441B7263}"
EndProject
Project("{8BC9CEB8-8B4A-11D0-8D11-00A0C91BC942}") = "gbt_reg_dense_batch", "vcproj\gbt_reg_dense_batch\gbt_reg_dense_batch.vcxproj", "{6B1239AD-5E43-4E9B-8FD8-B59497129619}"
EndProject
Project("{8BC9CEB8-8B4A-11D0-8D11-00A0C91BC942}") = "pca_transform_dense_batch", "vcproj\pca_transform_dense_batch\pca_transform_dense_batch.vcxproj", "{40537CD7-86C1-48A3-B837-C8EE93242055}"
EndProject
Global
	GlobalSection(SolutionConfigurationPlatforms) = preSolution
		Debug.dynamic.sequential|x64 = Debug.dynamic.sequential|x64
		Debug.dynamic.threaded|x64 = Debug.dynamic.threaded|x64
		Debug.static.sequential|x64 = Debug.static.sequential|x64
		Debug.static.threaded|x64 = Debug.static.threaded|x64
		Release.dynamic.sequential|x64 = Release.dynamic.sequential|x64
		Release.dynamic.threaded|x64 = Release.dynamic.threaded|x64
		Release.static.sequential|x64 = Release.static.sequential|x64
		Release.static.threaded|x64 = Release.static.threaded|x64
	EndGlobalSection
	GlobalSection(ProjectConfigurationPlatforms) = postSolution
		{965695EC-3304-4D9D-BF6D-34C09D51785F}.Debug.dynamic.sequential|x64.ActiveCfg = Debug.dynamic.sequential|x64
		{965695EC-3304-4D9D-BF6D-34C09D51785F}.Debug.dynamic.sequential|x64.Build.0 = Debug.dynamic.sequential|x64
		{965695EC-3304-4D9D-BF6D-34C09D51785F}.Debug.dynamic.threaded|x64.ActiveCfg = Debug.dynamic.threaded|x64
		{965695EC-3304-4D9D-BF6D-34C09D51785F}.Debug.dynamic.threaded|x64.Build.0 = Debug.dynamic.threaded|x64
		{965695EC-3304-4D9D-BF6D-34C09D51785F}.Debug.static.sequential|x64.ActiveCfg = Debug.static.sequential|x64
		{965695EC-3304-4D9D-BF6D-34C09D51785F}.Debug.static.sequential|x64.Build.0 = Debug.static.sequential|x64
		{965695EC-3304-4D9D-BF6D-34C09D51785F}.Debug.static.threaded|x64.ActiveCfg = Debug.static.threaded|x64
		{965695EC-3304-4D9D-BF6D-34C09D51785F}.Debug.static.threaded|x64.Build.0 = Debug.static.threaded|x64
		{965695EC-3304-4D9D-BF6D-34C09D51785F}.Release.dynamic.sequential|x64.ActiveCfg = Release.dynamic.sequential|x64
		{965695EC-3304-4D9D-BF6D-34C09D51785F}.Release.dynamic.sequential|x64.Build.0 = Release.dynamic.sequential|x64
		{965695EC-3304-4D9D-BF6D-34C09D51785F}.Release.dynamic.threaded|x64.ActiveCfg = Release.dynamic.threaded|x64
		{965695EC-3304-4D9D-BF6D-34C09D51785F}.Release.dynamic.threaded|x64.Build.0 = Release.dynamic.threaded|x64
		{965695EC-3304-4D9D-BF6D-34C09D51785F}.Release.static.sequential|x64.ActiveCfg = Release.static.sequential|x64
		{965695EC-3304-4D9D-BF6D-34C09D51785F}.Release.static.sequential|x64.Build.0 = Release.static.sequential|x64
		{965695EC-3304-4D9D-BF6D-34C09D51785F}.Release.static.threaded|x64.ActiveCfg = Release.static.threaded|x64
		{965695EC-3304-4D9D-BF6D-34C09D51785F}.Release.static.threaded|x64.Build.0 = Release.static.threaded|x64
		{F42E178D-1F04-498E-BC38-C90BC6E4D977}.Debug.dynamic.sequential|x64.ActiveCfg = Debug.dynamic.sequential|x64
		{F42E178D-1F04-498E-BC38-C90BC6E4D977}.Debug.dynamic.sequential|x64.Build.0 = Debug.dynamic.sequential|x64
		{F42E178D-1F04-498E-BC38-C90BC6E4D977}.Debug.dynamic.threaded|x64.ActiveCfg = Debug.dynamic.threaded|x64
		{F42E178D-1F04-498E-BC38-C90BC6E4D977}.Debug.dynamic.threaded|x64.Build.0 = Debug.dynamic.threaded|x64
		{F42E178D-1F04-498E-BC38-C90BC6E4D977}.Debug.static.sequential|x64.ActiveCfg = Debug.static.sequential|x64
		{F42E178D-1F04-498E-BC38-C90BC6E4D977}.Debug.static.sequential|x64.Build.0 = Debug.static.sequential|x64
		{F42E178D-1F04-498E-BC38-C90BC6E4D977}.Debug.static.threaded|x64.ActiveCfg = Debug.static.threaded|x64
		{F42E178D-1F04-498E-BC38-C90BC6E4D977}.Debug.static.threaded|x64.Build.0 = Debug.static.threaded|x64
		{F42E178D-1F04-498E-BC38-C90BC6E4D977}.Release.dynamic.sequential|x64.ActiveCfg = Release.dynamic.sequential|x64
		{F42E178D-1F04-498E-BC38-C90BC6E4D977}.Release.dynamic.sequential|x64.Build.0 = Release.dynamic.sequential|x64
		{F42E178D-1F04-498E-BC38-C90BC6E4D977}.Release.dynamic.threaded|x64.ActiveCfg = Release.dynamic.threaded|x64
		{F42E178D-1F04-498E-BC38-C90BC6E4D977}.Release.dynamic.threaded|x64.Build.0 = Release.dynamic.threaded|x64
		{F42E178D-1F04-498E-BC38-C90BC6E4D977}.Release.static.sequential|x64.ActiveCfg = Release.static.sequential|x64
		{F42E178D-1F04-498E-BC38-C90BC6E4D977}.Release.static.sequential|x64.Build.0 = Release.static.sequential|x64
		{F42E178D-1F04-498E-BC38-C90BC6E4D977}.Release.static.threaded|x64.ActiveCfg = Release.static.threaded|x64
		{F42E178D-1F04-498E-BC38-C90BC6E4D977}.Release.static.threaded|x64.Build.0 = Release.static.threaded|x64
		{3529DF89-4DF8-4724-A0C0-9734341FD9FF}.Debug.dynamic.sequential|x64.ActiveCfg = Debug.dynamic.sequential|x64
		{3529DF89-4DF8-4724-A0C0-9734341FD9FF}.Debug.dynamic.sequential|x64.Build.0 = Debug.dynamic.sequential|x64
		{3529DF89-4DF8-4724-A0C0-9734341FD9FF}.Debug.dynamic.threaded|x64.ActiveCfg = Debug.dynamic.threaded|x64
		{3529DF89-4DF8-4724-A0C0-9734341FD9FF}.Debug.dynamic.threaded|x64.Build.0 = Debug.dynamic.threaded|x64
		{3529DF89-4DF8-4724-A0C0-9734341FD9FF}.Debug.static.sequential|x64.ActiveCfg = Debug.static.sequential|x64
		{3529DF89-4DF8-4724-A0C0-9734341FD9FF}.Debug.static.sequential|x64.Build.0 = Debug.static.sequential|x64
		{3529DF89-4DF8-4724-A0C0-9734341FD9FF}.Debug.static.threaded|x64.ActiveCfg = Debug.static.threaded|x64
		{3529DF89-4DF8-4724-A0C0-9734341FD9FF}.Debug.static.threaded|x64.Build.0 = Debug.static.threaded|x64
		{3529DF89-4DF8-4724-A0C0-9734341FD9FF}.Release.dynamic.sequential|x64.ActiveCfg = Release.dynamic.sequential|x64
		{3529DF89-4DF8-4724-A0C0-9734341FD9FF}.Release.dynamic.sequential|x64.Build.0 = Release.dynamic.sequential|x64
		{3529DF89-4DF8-4724-A0C0-9734341FD9FF}.Release.dynamic.threaded|x64.ActiveCfg = Release.dynamic.threaded|x64
		{3529DF89-4DF8-4724-A0C0-9734341FD9FF}.Release.dynamic.threaded|x64.Build.0 = Release.dynamic.threaded|x64
		{3529DF89-4DF8-4724-A0C0-9734341FD9FF}.Release.static.sequential|x64.ActiveCfg = Release.static.sequential|x64
		{3529DF89-4DF8-4724-A0C0-9734341FD9FF}.Release.static.sequential|x64.Build.0 = Release.static.sequential|x64
		{3529DF89-4DF8-4724-A0C0-9734341FD9FF}.Release.static.threaded|x64.ActiveCfg = Release.static.threaded|x64
		{3529DF89-4DF8-4724-A0C0-9734341FD9FF}.Release.static.threaded|x64.Build.0 = Release.static.threaded|x64
		{2735C994-D97F-4BC5-9844-0F1A2952A85B}.Debug.dynamic.sequential|x64.ActiveCfg = Debug.dynamic.sequential|x64
		{2735C994-D97F-4BC5-9844-0F1A2952A85B}.Debug.dynamic.sequential|x64.Build.0 = Debug.dynamic.sequential|x64
		{2735C994-D97F-4BC5-9844-0F1A2952A85B}.Debug.dynamic.threaded|x64.ActiveCfg = Debug.dynamic.threaded|x64
		{2735C994-D97F-4BC5-9844-0F1A2952A85B}.Debug.dynamic.threaded|x64.Build.0 = Debug.dynamic.threaded|x64
		{2735C994-D97F-4BC5-9844-0F1A2952A85B}.Debug.static.sequential|x64.ActiveCfg = Debug.static.sequential|x64
		{2735C994-D97F-4BC5-9844-0F1A2952A85B}.Debug.static.sequential|x64.Build.0 = Debug.static.sequential|x64
		{2735C994-D97F-4BC5-9844-0F1A2952A85B}.Debug.static.threaded|x64.ActiveCfg = Debug.static.threaded|x64
		{2735C994-D97F-4BC5-9844-0F1A2952A85B}.Debug.static.threaded|x64.Build.0 = Debug.static.threaded|x64
		{2735C994-D97F-4BC5-9844-0F1A2952A85B}.Release.dynamic.sequential|x64.ActiveCfg = Release.dynamic.sequential|x64
		{2735C994-D97F-4BC5-9844-0F1A2952A85B}.Release.dynamic.sequential|x64.Build.0 = Release.dynamic.sequential|x64
		{2735C994-D97F-4BC5-9844-0F1A2952A85B}.Release.dynamic.threaded|x64.ActiveCfg = Release.dynamic.threaded|x64
		{2735C994-D97F-4BC5-9844-0F1A2952A85B}.Release.dynamic.threaded|x64.Build.0 = Release.dynamic.threaded|x64
		{2735C994-D97F-4BC5-9844-0F1A2952A85B}.Release.static.sequential|x64.ActiveCfg = Release.static.sequential|x64
		{2735C994-D97F-4BC5-9844-0F1A2952A85B}.Release.static.sequential|x64.Build.0 = Release.static.sequential|x64
		{2735C994-D97F-4BC5-9844-0F1A2952A85B}.Release.static.threaded|x64.ActiveCfg = Release.static.threaded|x64
		{2735C994-D97F-4BC5-9844-0F1A2952A85B}.Release.static.threaded|x64.Build.0 = Release.static.threaded|x64
		{45620203-512B-40BA-BCCA-4DC6608E5529}.Debug.dynamic.sequential|x64.ActiveCfg = Debug.dynamic.sequential|x64
		{45620203-512B-40BA-BCCA-4DC6608E5529}.Debug.dynamic.sequential|x64.Build.0 = Debug.dynamic.sequential|x64
		{45620203-512B-40BA-BCCA-4DC6608E5529}.Debug.dynamic.threaded|x64.ActiveCfg = Debug.dynamic.threaded|x64
		{45620203-512B-40BA-BCCA-4DC6608E5529}.Debug.dynamic.threaded|x64.Build.0 = Debug.dynamic.threaded|x64
		{45620203-512B-40BA-BCCA-4DC6608E5529}.Debug.static.sequential|x64.ActiveCfg = Debug.static.sequential|x64
		{45620203-512B-40BA-BCCA-4DC6608E5529}.Debug.static.sequential|x64.Build.0 = Debug.static.sequential|x64
		{45620203-512B-40BA-BCCA-4DC6608E5529}.Debug.static.threaded|x64.ActiveCfg = Debug.static.threaded|x64
		{45620203-512B-40BA-BCCA-4DC6608E5529}.Debug.static.threaded|x64.Build.0 = Debug.static.threaded|x64
		{45620203-512B-40BA-BCCA-4DC6608E5529}.Release.dynamic.sequential|x64.ActiveCfg = Release.dynamic.sequential|x64
		{45620203-512B-40BA-BCCA-4DC6608E5529}.Release.dynamic.sequential|x64.Build.0 = Release.dynamic.sequential|x64
		{45620203-512B-40BA-BCCA-4DC6608E5529}.Release.dynamic.threaded|x64.ActiveCfg = Release.dynamic.threaded|x64
		{45620203-512B-40BA-BCCA-4DC6608E5529}.Release.dynamic.threaded|x64.Build.0 = Release.dynamic.threaded|x64
		{45620203-512B-40BA-BCCA-4DC6608E5529}.Release.static.sequential|x64.ActiveCfg = Release.static.sequential|x64
		{45620203-512B-40BA-BCCA-4DC6608E5529}.Release.static.sequential|x64.Build.0 = Release.static.sequential|x64
		{45620203-512B-40BA-BCCA-4DC6608E5529}.Release.static.threaded|x64.ActiveCfg = Release.static.threaded|x64
		{45620203-512B-40BA-BCCA-4DC6608E5529}.Release.static.threaded|x64.Build.0 = Release.static.threaded|x64
		{C8A5E345-9369-42DB-ACB2-3E3837B780F8}.Debug.dynamic.sequential|x64.ActiveCfg = Debug.dynamic.sequential|x64
		{C8A5E345-9369-42DB-ACB2-3E3837B780F8}.Debug.dynamic.sequential|x64.Build.0 = Debug.dynamic.sequential|x64
		{C8A5E345-9369-42DB-ACB2-3E3837B780F8}.Debug.dynamic.threaded|x64.ActiveCfg = Debug.dynamic.threaded|x64
		{C8A5E345-9369-42DB-ACB2-3E3837B780F8}.Debug.dynamic.threaded|x64.Build.0 = Debug.dynamic.threaded|x64
		{C8A5E345-9369-42DB-ACB2-3E3837B780F8}.Debug.static.sequential|x64.ActiveCfg = Debug.static.sequential|x64
		{C8A5E345-9369-42DB-ACB2-3E3837B780F8}.Debug.static.sequential|x64.Build.0 = Debug.static.sequential|x64
		{C8A5E345-9369-42DB-ACB2-3E3837B780F8}.Debug.static.threaded|x64.ActiveCfg = Debug.static.threaded|x64
		{C8A5E345-9369-42DB-ACB2-3E3837B780F8}.Debug.static.threaded|x64.Build.0 = Debug.static.threaded|x64
		{C8A5E345-9369-42DB-ACB2-3E3837B780F8}.Release.dynamic.sequential|x64.ActiveCfg = Release.dynamic.sequential|x64
		{C8A5E345-9369-42DB-ACB2-3E3837B780F8}.Release.dynamic.sequential|x64.Build.0 = Release.dynamic.sequential|x64
		{C8A5E345-9369-42DB-ACB2-3E3837B780F8}.Release.dynamic.threaded|x64.ActiveCfg = Release.dynamic.threaded|x64
		{C8A5E345-9369-42DB-ACB2-3E3837B780F8}.Release.dynamic.threaded|x64.Build.0 = Release.dynamic.threaded|x64
		{C8A5E345-9369-42DB-ACB2-3E3837B780F8}.Release.static.sequential|x64.ActiveCfg = Release.static.sequential|x64
		{C8A5E345-9369-42DB-ACB2-3E3837B780F8}.Release.static.sequential|x64.Build.0 = Release.static.sequential|x64
		{C8A5E345-9369-42DB-ACB2-3E3837B780F8}.Release.static.threaded|x64.ActiveCfg = Release.static.threaded|x64
		{C8A5E345-9369-42DB-ACB2-3E3837B780F8}.Release.static.threaded|x64.Build.0 = Release.static.threaded|x64
		{7AC59A37-C9CC-43C2-9C0D-EEDBF4DC974F}.Debug.dynamic.sequential|x64.ActiveCfg = Debug.dynamic.sequential|x64
		{7AC59A37-C9CC-43C2-9C0D-EEDBF4DC974F}.Debug.dynamic.sequential|x64.Build.0 = Debug.dynamic.sequential|x64
		{7AC59A37-C9CC-43C2-9C0D-EEDBF4DC974F}.Debug.dynamic.threaded|x64.ActiveCfg = Debug.dynamic.threaded|x64
		{7AC59A37-C9CC-43C2-9C0D-EEDBF4DC974F}.Debug.dynamic.threaded|x64.Build.0 = Debug.dynamic.threaded|x64
		{7AC59A37-C9CC-43C2-9C0D-EEDBF4DC974F}.Debug.static.sequential|x64.ActiveCfg = Debug.static.sequential|x64
		{7AC59A37-C9CC-43C2-9C0D-EEDBF4DC974F}.Debug.static.sequential|x64.Build.0 = Debug.static.sequential|x64
		{7AC59A37-C9CC-43C2-9C0D-EEDBF4DC974F}.Debug.static.threaded|x64.ActiveCfg = Debug.static.threaded|x64
		{7AC59A37-C9CC-43C2-9C0D-EEDBF4DC974F}.Debug.static.threaded|x64.Build.0 = Debug.static.threaded|x64
		{7AC59A37-C9CC-43C2-9C0D-EEDBF4DC974F}.Release.dynamic.sequential|x64.ActiveCfg = Release.dynamic.sequential|x64
		{7AC59A37-C9CC-43C2-9C0D-EEDBF4DC974F}.Release.dynamic.sequential|x64.Build.0 = Release.dynamic.sequential|x64
		{7AC59A37-C9CC-43C2-9C0D-EEDBF4DC974F}.Release.dynamic.threaded|x64.ActiveCfg = Release.dynamic.threaded|x64
		{7AC59A37-C9CC-43C2-9C0D-EEDBF4DC974F}.Release.dynamic.threaded|x64.Build.0 = Release.dynamic.threaded|x64
		{7AC59A37-C9CC-43C2-9C0D-EEDBF4DC974F}.Release.static.sequential|x64.ActiveCfg = Release.static.sequential|x64
		{7AC59A37-C9CC-43C2-9C0D-EEDBF4DC974F}.Release.static.sequential|x64.Build.0 = Release.static.sequential|x64
		{7AC59A37-C9CC-43C2-9C0D-EEDBF4DC974F}.Release.static.threaded|x64.ActiveCfg = Release.static.threaded|x64
		{7AC59A37-C9CC-43C2-9C0D-EEDBF4DC974F}.Release.static.threaded|x64.Build.0 = Release.static.threaded|x64
		{A7B441BE-8E08-4F7C-B906-FD3A7A4A76D8}.Debug.dynamic.sequential|x64.ActiveCfg = Debug.dynamic.sequential|x64
		{A7B441BE-8E08-4F7C-B906-FD3A7A4A76D8}.Debug.dynamic.sequential|x64.Build.0 = Debug.dynamic.sequential|x64
		{A7B441BE-8E08-4F7C-B906-FD3A7A4A76D8}.Debug.dynamic.threaded|x64.ActiveCfg = Debug.dynamic.threaded|x64
		{A7B441BE-8E08-4F7C-B906-FD3A7A4A76D8}.Debug.dynamic.threaded|x64.Build.0 = Debug.dynamic.threaded|x64
		{A7B441BE-8E08-4F7C-B906-FD3A7A4A76D8}.Debug.static.sequential|x64.ActiveCfg = Debug.static.sequential|x64
		{A7B441BE-8E08-4F7C-B906-FD3A7A4A76D8}.Debug.static.sequential|x64.Build.0 = Debug.static.sequential|x64
		{A7B441BE-8E08-4F7C-B906-FD3A7A4A76D8}.Debug.static.threaded|x64.ActiveCfg = Debug.static.threaded|x64
		{A7B441BE-8E08-4F7C-B906-FD3A7A4A76D8}.Debug.static.threaded|x64.Build.0 = Debug.static.threaded|x64
		{A7B441BE-8E08-4F7C-B906-FD3A7A4A76D8}.Release.dynamic.sequential|x64.ActiveCfg = Release.dynamic.sequential|x64
		{A7B441BE-8E08-4F7C-B906-FD3A7A4A76D8}.Release.dynamic.sequential|x64.Build.0 = Release.dynamic.sequential|x64
		{A7B441BE-8E08-4F7C-B906-FD3A7A4A76D8}.Release.dynamic.threaded|x64.ActiveCfg = Release.dynamic.threaded|x64
		{A7B441BE-8E08-4F7C-B906-FD3A7A4A76D8}.Release.dynamic.threaded|x64.Build.0 = Release.dynamic.threaded|x64
		{A7B441BE-8E08-4F7C-B906-FD3A7A4A76D8}.Release.static.sequential|x64.ActiveCfg = Release.static.sequential|x64
		{A7B441BE-8E08-4F7C-B906-FD3A7A4A76D8}.Release.static.sequential|x64.Build.0 = Release.static.sequential|x64
		{A7B441BE-8E08-4F7C-B906-FD3A7A4A76D8}.Release.static.threaded|x64.ActiveCfg = Release.static.threaded|x64
		{A7B441BE-8E08-4F7C-B906-FD3A7A4A76D8}.Release.static.threaded|x64.Build.0 = Release.static.threaded|x64
		{AC6C12DE-FABC-44B0-B3EA-5F6290293D0A}.Debug.dynamic.sequential|x64.ActiveCfg = Debug.dynamic.sequential|x64
		{AC6C12DE-FABC-44B0-B3EA-5F6290293D0A}.Debug.dynamic.sequential|x64.Build.0 = Debug.dynamic.sequential|x64
		{AC6C12DE-FABC-44B0-B3EA-5F6290293D0A}.Debug.dynamic.threaded|x64.ActiveCfg = Debug.dynamic.threaded|x64
		{AC6C12DE-FABC-44B0-B3EA-5F6290293D0A}.Debug.dynamic.threaded|x64.Build.0 = Debug.dynamic.threaded|x64
		{AC6C12DE-FABC-44B0-B3EA-5F6290293D0A}.Debug.static.sequential|x64.ActiveCfg = Debug.static.sequential|x64
		{AC6C12DE-FABC-44B0-B3EA-5F6290293D0A}.Debug.static.sequential|x64.Build.0 = Debug.static.sequential|x64
		{AC6C12DE-FABC-44B0-B3EA-5F6290293D0A}.Debug.static.threaded|x64.ActiveCfg = Debug.static.threaded|x64
		{AC6C12DE-FABC-44B0-B3EA-5F6290293D0A}.Debug.static.threaded|x64.Build.0 = Debug.static.threaded|x64
		{AC6C12DE-FABC-44B0-B3EA-5F6290293D0A}.Release.dynamic.sequential|x64.ActiveCfg = Release.dynamic.sequential|x64
		{AC6C12DE-FABC-44B0-B3EA-5F6290293D0A}.Release.dynamic.sequential|x64.Build.0 = Release.dynamic.sequential|x64
		{AC6C12DE-FABC-44B0-B3EA-5F6290293D0A}.Release.dynamic.threaded|x64.ActiveCfg = Release.dynamic.threaded|x64
		{AC6C12DE-FABC-44B0-B3EA-5F6290293D0A}.Release.dynamic.threaded|x64.Build.0 = Release.dynamic.threaded|x64
		{AC6C12DE-FABC-44B0-B3EA-5F6290293D0A}.Release.static.sequential|x64.ActiveCfg = Release.static.sequential|x64
		{AC6C12DE-FABC-44B0-B3EA-5F6290293D0A}.Release.static.sequential|x64.Build.0 = Release.static.sequential|x64
		{AC6C12DE-FABC-44B0-B3EA-5F6290293D0A}.Release.static.threaded|x64.ActiveCfg = Release.static.threaded|x64
		{AC6C12DE-FABC-44B0-B3EA-5F6290293D0A}.Release.static.threaded|x64.Build.0 = Release.static.threaded|x64
		{D0ECBC54-3C30-47FE-9222-DB01806DADFA}.Debug.dynamic.sequential|x64.ActiveCfg = Debug.dynamic.sequential|x64
		{D0ECBC54-3C30-47FE-9222-DB01806DADFA}.Debug.dynamic.sequential|x64.Build.0 = Debug.dynamic.sequential|x64
		{D0ECBC54-3C30-47FE-9222-DB01806DADFA}.Debug.dynamic.threaded|x64.ActiveCfg = Debug.dynamic.threaded|x64
		{D0ECBC54-3C30-47FE-9222-DB01806DADFA}.Debug.dynamic.threaded|x64.Build.0 = Debug.dynamic.threaded|x64
		{D0ECBC54-3C30-47FE-9222-DB01806DADFA}.Debug.static.sequential|x64.ActiveCfg = Debug.static.sequential|x64
		{D0ECBC54-3C30-47FE-9222-DB01806DADFA}.Debug.static.sequential|x64.Build.0 = Debug.static.sequential|x64
		{D0ECBC54-3C30-47FE-9222-DB01806DADFA}.Debug.static.threaded|x64.ActiveCfg = Debug.static.threaded|x64
		{D0ECBC54-3C30-47FE-9222-DB01806DADFA}.Debug.static.threaded|x64.Build.0 = Debug.static.threaded|x64
		{D0ECBC54-3C30-47FE-9222-DB01806DADFA}.Release.dynamic.sequential|x64.ActiveCfg = Release.dynamic.sequential|x64
		{D0ECBC54-3C30-47FE-9222-DB01806DADFA}.Release.dynamic.sequential|x64.Build.0 = Release.dynamic.sequential|x64
		{D0ECBC54-3C30-47FE-9222-DB01806DADFA}.Release.dynamic.threaded|x64.ActiveCfg = Release.dynamic.threaded|x64
		{D0ECBC54-3C30-47FE-9222-DB01806DADFA}.Release.dynamic.threaded|x64.Build.0 = Release.dynamic.threaded|x64
		{D0ECBC54-3C30-47FE-9222-DB01806DADFA}.Release.static.sequential|x64.ActiveCfg = Release.static.sequential|x64
		{D0ECBC54-3C30-47FE-9222-DB01806DADFA}.Release.static.sequential|x64.Build.0 = Release.static.sequential|x64
		{D0ECBC54-3C30-47FE-9222-DB01806DADFA}.Release.static.threaded|x64.ActiveCfg = Release.static.threaded|x64
		{D0ECBC54-3C30-47FE-9222-DB01806DADFA}.Release.static.threaded|x64.Build.0 = Release.static.threaded|x64
		{562A2BE0-4061-4D37-9DE8-22F621C696B7}.Debug.dynamic.sequential|x64.ActiveCfg = Debug.dynamic.sequential|x64
		{562A2BE0-4061-4D37-9DE8-22F621C696B7}.Debug.dynamic.sequential|x64.Build.0 = Debug.dynamic.sequential|x64
		{562A2BE0-4061-4D37-9DE8-22F621C696B7}.Debug.dynamic.threaded|x64.ActiveCfg = Debug.dynamic.threaded|x64
		{562A2BE0-4061-4D37-9DE8-22F621C696B7}.Debug.dynamic.threaded|x64.Build.0 = Debug.dynamic.threaded|x64
		{562A2BE0-4061-4D37-9DE8-22F621C696B7}.Debug.static.sequential|x64.ActiveCfg = Debug.static.sequential|x64
		{562A2BE0-4061-4D37-9DE8-22F621C696B7}.Debug.static.sequential|x64.Build.0 = Debug.static.sequential|x64
		{562A2BE0-4061-4D37-9DE8-22F621C696B7}.Debug.static.threaded|x64.ActiveCfg = Debug.static.threaded|x64
		{562A2BE0-4061-4D37-9DE8-22F621C696B7}.Debug.static.threaded|x64.Build.0 = Debug.static.threaded|x64
		{562A2BE0-4061-4D37-9DE8-22F621C696B7}.Release.dynamic.sequential|x64.ActiveCfg = Release.dynamic.sequential|x64
		{562A2BE0-4061-4D37-9DE8-22F621C696B7}.Release.dynamic.sequential|x64.Build.0 = Release.dynamic.sequential|x64
		{562A2BE0-4061-4D37-9DE8-22F621C696B7}.Release.dynamic.threaded|x64.ActiveCfg = Release.dynamic.threaded|x64
		{562A2BE0-4061-4D37-9DE8-22F621C696B7}.Release.dynamic.threaded|x64.Build.0 = Release.dynamic.threaded|x64
		{562A2BE0-4061-4D37-9DE8-22F621C696B7}.Release.static.sequential|x64.ActiveCfg = Release.static.sequential|x64
		{562A2BE0-4061-4D37-9DE8-22F621C696B7}.Release.static.sequential|x64.Build.0 = Release.static.sequential|x64
		{562A2BE0-4061-4D37-9DE8-22F621C696B7}.Release.static.threaded|x64.ActiveCfg = Release.static.threaded|x64
		{562A2BE0-4061-4D37-9DE8-22F621C696B7}.Release.static.threaded|x64.Build.0 = Release.static.threaded|x64
		{3F3DB339-0194-4A03-A430-F547E94CD5CA}.Debug.dynamic.sequential|x64.ActiveCfg = Debug.dynamic.sequential|x64
		{3F3DB339-0194-4A03-A430-F547E94CD5CA}.Debug.dynamic.sequential|x64.Build.0 = Debug.dynamic.sequential|x64
		{3F3DB339-0194-4A03-A430-F547E94CD5CA}.Debug.dynamic.threaded|x64.ActiveCfg = Debug.dynamic.threaded|x64
		{3F3DB339-0194-4A03-A430-F547E94CD5CA}.Debug.dynamic.threaded|x64.Build.0 = Debug.dynamic.threaded|x64
		{3F3DB339-0194-4A03-A430-F547E94CD5CA}.Debug.static.sequential|x64.ActiveCfg = Debug.static.sequential|x64
		{3F3DB339-0194-4A03-A430-F547E94CD5CA}.Debug.static.sequential|x64.Build.0 = Debug.static.sequential|x64
		{3F3DB339-0194-4A03-A430-F547E94CD5CA}.Debug.static.threaded|x64.ActiveCfg = Debug.static.threaded|x64
		{3F3DB339-0194-4A03-A430-F547E94CD5CA}.Debug.static.threaded|x64.Build.0 = Debug.static.threaded|x64
		{3F3DB339-0194-4A03-A430-F547E94CD5CA}.Release.dynamic.sequential|x64.ActiveCfg = Release.dynamic.sequential|x64
		{3F3DB339-0194-4A03-A430-F547E94CD5CA}.Release.dynamic.sequential|x64.Build.0 = Release.dynamic.sequential|x64
		{3F3DB339-0194-4A03-A430-F547E94CD5CA}.Release.dynamic.threaded|x64.ActiveCfg = Release.dynamic.threaded|x64
		{3F3DB339-0194-4A03-A430-F547E94CD5CA}.Release.dynamic.threaded|x64.Build.0 = Release.dynamic.threaded|x64
		{3F3DB339-0194-4A03-A430-F547E94CD5CA}.Release.static.sequential|x64.ActiveCfg = Release.static.sequential|x64
		{3F3DB339-0194-4A03-A430-F547E94CD5CA}.Release.static.sequential|x64.Build.0 = Release.static.sequential|x64
		{3F3DB339-0194-4A03-A430-F547E94CD5CA}.Release.static.threaded|x64.ActiveCfg = Release.static.threaded|x64
		{3F3DB339-0194-4A03-A430-F547E94CD5CA}.Release.static.threaded|x64.Build.0 = Release.static.threaded|x64
		{0951F77E-EFD2-4A06-A012-29B275347620}.Debug.dynamic.sequential|x64.ActiveCfg = Debug.dynamic.sequential|x64
		{0951F77E-EFD2-4A06-A012-29B275347620}.Debug.dynamic.sequential|x64.Build.0 = Debug.dynamic.sequential|x64
		{0951F77E-EFD2-4A06-A012-29B275347620}.Debug.dynamic.threaded|x64.ActiveCfg = Debug.dynamic.threaded|x64
		{0951F77E-EFD2-4A06-A012-29B275347620}.Debug.dynamic.threaded|x64.Build.0 = Debug.dynamic.threaded|x64
		{0951F77E-EFD2-4A06-A012-29B275347620}.Debug.static.sequential|x64.ActiveCfg = Debug.static.sequential|x64
		{0951F77E-EFD2-4A06-A012-29B275347620}.Debug.static.sequential|x64.Build.0 = Debug.static.sequential|x64
		{0951F77E-EFD2-4A06-A012-29B275347620}.Debug.static.threaded|x64.ActiveCfg = Debug.static.threaded|x64
		{0951F77E-EFD2-4A06-A012-29B275347620}.Debug.static.threaded|x64.Build.0 = Debug.static.threaded|x64
		{0951F77E-EFD2-4A06-A012-29B275347620}.Release.dynamic.sequential|x64.ActiveCfg = Release.dynamic.sequential|x64
		{0951F77E-EFD2-4A06-A012-29B275347620}.Release.dynamic.sequential|x64.Build.0 = Release.dynamic.sequential|x64
		{0951F77E-EFD2-4A06-A012-29B275347620}.Release.dynamic.threaded|x64.ActiveCfg = Release.dynamic.threaded|x64
		{0951F77E-EFD2-4A06-A012-29B275347620}.Release.dynamic.threaded|x64.Build.0 = Release.dynamic.threaded|x64
		{0951F77E-EFD2-4A06-A012-29B275347620}.Release.static.sequential|x64.ActiveCfg = Release.static.sequential|x64
		{0951F77E-EFD2-4A06-A012-29B275347620}.Release.static.sequential|x64.Build.0 = Release.static.sequential|x64
		{0951F77E-EFD2-4A06-A012-29B275347620}.Release.static.threaded|x64.ActiveCfg = Release.static.threaded|x64
		{0951F77E-EFD2-4A06-A012-29B275347620}.Release.static.threaded|x64.Build.0 = Release.static.threaded|x64
		{E6E61E4A-BD29-4CBB-BB82-6F3BEBA5DAD3}.Debug.dynamic.sequential|x64.ActiveCfg = Debug.dynamic.sequential|x64
		{E6E61E4A-BD29-4CBB-BB82-6F3BEBA5DAD3}.Debug.dynamic.sequential|x64.Build.0 = Debug.dynamic.sequential|x64
		{E6E61E4A-BD29-4CBB-BB82-6F3BEBA5DAD3}.Debug.dynamic.threaded|x64.ActiveCfg = Debug.dynamic.threaded|x64
		{E6E61E4A-BD29-4CBB-BB82-6F3BEBA5DAD3}.Debug.dynamic.threaded|x64.Build.0 = Debug.dynamic.threaded|x64
		{E6E61E4A-BD29-4CBB-BB82-6F3BEBA5DAD3}.Debug.static.sequential|x64.ActiveCfg = Debug.static.sequential|x64
		{E6E61E4A-BD29-4CBB-BB82-6F3BEBA5DAD3}.Debug.static.sequential|x64.Build.0 = Debug.static.sequential|x64
		{E6E61E4A-BD29-4CBB-BB82-6F3BEBA5DAD3}.Debug.static.threaded|x64.ActiveCfg = Debug.static.threaded|x64
		{E6E61E4A-BD29-4CBB-BB82-6F3BEBA5DAD3}.Debug.static.threaded|x64.Build.0 = Debug.static.threaded|x64
		{E6E61E4A-BD29-4CBB-BB82-6F3BEBA5DAD3}.Release.dynamic.sequential|x64.ActiveCfg = Release.dynamic.sequential|x64
		{E6E61E4A-BD29-4CBB-BB82-6F3BEBA5DAD3}.Release.dynamic.sequential|x64.Build.0 = Release.dynamic.sequential|x64
		{E6E61E4A-BD29-4CBB-BB82-6F3BEBA5DAD3}.Release.dynamic.threaded|x64.ActiveCfg = Release.dynamic.threaded|x64
		{E6E61E4A-BD29-4CBB-BB82-6F3BEBA5DAD3}.Release.dynamic.threaded|x64.Build.0 = Release.dynamic.threaded|x64
		{E6E61E4A-BD29-4CBB-BB82-6F3BEBA5DAD3}.Release.static.sequential|x64.ActiveCfg = Release.static.sequential|x64
		{E6E61E4A-BD29-4CBB-BB82-6F3BEBA5DAD3}.Release.static.sequential|x64.Build.0 = Release.static.sequential|x64
		{E6E61E4A-BD29-4CBB-BB82-6F3BEBA5DAD3}.Release.static.threaded|x64.ActiveCfg = Release.static.threaded|x64
		{E6E61E4A-BD29-4CBB-BB82-6F3BEBA5DAD3}.Release.static.threaded|x64.Build.0 = Release.static.threaded|x64
		{26200A24-98E4-4D66-AADA-07F7441B7263}.Debug.dynamic.sequential|x64.ActiveCfg = Debug.dynamic.sequential|x64
		{26200A24-98E4-4D66-AADA-07F7441B7263}.Debug.dynamic.sequential|x64.Build.0 = Debug.dynamic.sequential|x64
		{26200A24-98E4-4D66-AADA-07F7441B7263}.Debug.dynamic.threaded|x64.ActiveCfg = Debug.dynamic.threaded|x64
		{26200A24-98E4-4D66-AADA-07F7441B7263}.Debug.dynamic.threaded|x64.Build.0 = Debug.dynamic.threaded|x64
		{26200A24-98E4-4D66-AADA-07F7441B7263}.Debug.static.sequential|x64.ActiveCfg = Debug.static.sequential|x64
		{26200A24-98E4-4D66-AADA-07F7441B7263}.Debug.static.sequential|x64.Build.0 = Debug.static.sequential|x64
		{26200A24-98E4-4D66-AADA-07F7441B7263}.Debug.static.threaded|x64.ActiveCfg = Debug.static.threaded|x64
		{26200A24-98E4-4D66-AADA-07F7441B7263}.Debug.static.threaded|x64.Build.0 = Debug.static.threaded|x64
		{26200A24-98E4-4D66-AADA-07F7441B7263}.Release.dynamic.sequential|x64.ActiveCfg = Release.dynamic.sequential|x64
		{26200A24-98E4-4D66-AADA-07F7441B7263}.Release.dynamic.sequential|x64.Build.0 = Release.dynamic.sequential|x64
		{26200A24-98E4-4D66-AADA-07F7441B7263}.Release.dynamic.threaded|x64.ActiveCfg = Release.dynamic.threaded|x64
		{26200A24-98E4-4D66-AADA-07F7441B7263}.Release.dynamic.threaded|x64.Build.0 = Release.dynamic.threaded|x64
		{26200A24-98E4-4D66-AADA-07F7441B7263}.Release.static.sequential|x64.ActiveCfg = Release.static.sequential|x64
		{26200A24-98E4-4D66-AADA-07F7441B7263}.Release.static.sequential|x64.Build.0 = Release.static.sequential|x64
		{26200A24-98E4-4D66-AADA-07F7441B7263}.Release.static.threaded|x64.ActiveCfg = Release.static.threaded|x64
		{26200A24-98E4-4D66-AADA-07F7441B7263}.Release.static.threaded|x64.Build.0 = Release.static.threaded|x64
		{6B1239AD-5E43-4E9B-8FD8-B59497129619}.Debug.dynamic.sequential|x64.ActiveCfg = Debug.dynamic.sequential|x64
		{6B1239AD-5E43-4E9B-8FD8-B59497129619}.Debug.dynamic.sequential|x64.Build.0 = Debug.dynamic.sequential|x64
		{6B1239AD-5E43-4E9B-8FD8-B59497129619}.Debug.dynamic.threaded|x64.ActiveCfg = Debug.dynamic.threaded|x64
		{6B1239AD-5E43-4E9B-8FD8-B59497129619}.Debug.dynamic.threaded|x64.Build.0 = Debug.dynamic.threaded|x64
		{6B1239AD-5E43-4E9B-8FD8-B59497129619}.Debug.static.sequential|x64.ActiveCfg = Debug.static.sequential|x64
		{6B1239AD-5E43-4E9B-8FD8-B59497129619}.Debug.static.sequential|x64.Build.0 = Debug.static.sequential|x64
		{6B1239AD-5E43-4E9B-8FD8-B59497129619}.Debug.static.threaded|x64.ActiveCfg = Debug.static.threaded|x64
		{6B1239AD-5E43-4E9B-8FD8-B59497129619}.Debug.static.threaded|x64.Build.0 = Debug.static.threaded|x64
		{6B1239AD-5E43-4E9B-8FD8-B59497129619}.Release.dynamic.sequential|x64.ActiveCfg = Release.dynamic.sequential|x64
		{6B1239AD-5E43-4E9B-8FD8-B59497129619}.Release.dynamic.sequential|x64.Build.0 = Release.dynamic.sequential|x64
		{6B1239AD-5E43-4E9B-8FD8-B59497129619}.Release.dynamic.threaded|x64.ActiveCfg = Release.dynamic.threaded|x64
		{6B1239AD-5E43-4E9B-8FD8-B59497129619}.Release.dynamic.threaded|x64.Build.0 = Release.dynamic.threaded|x64
		{6B1239AD-5E43-4E9B-8FD8-B59497129619}.Release.static.sequential|x64.ActiveCfg = Release.static.sequential|x64
		{6B1239AD-5E43-4E9B-8FD8-B59497129619}.Release.static.sequential|x64.Build.0 = Release.static.sequential|x64
		{6B1239AD-5E43-4E9B-8FD8-B59497129619}.Release.static.threaded|x64.ActiveCfg = Release.static.threaded|x64
		{6B1239AD-5E43-4E9B-8FD8-B59497129619}.Release.static.threaded|x64.Build.0 = Release.static.threaded|x64
		{40537CD7-86C1-48A3-B837-C8EE93242055}.Debug.dynamic.sequential|x64.ActiveCfg = Debug.dynamic.sequential|x64
		{40537CD7-86C1-48A3-B837-C8EE93242055}.Debug.dynamic.sequential|x64.Build.0 = Debug.dynamic.sequential|x64
		{40537CD7-86C1-48A3-B837-C8EE93242055}.Debug.dynamic.threaded|x64.ActiveCfg = Debug.dynamic.threaded|x64
		{40537CD7-86C1-48A3-B837-C8EE93242055}.Debug.dynamic.threaded|x64.Build.0 = Debug.dynamic.threaded|x64
		{40537CD7-86C1-48A3-B837-C8EE93242055}.Debug.static.sequential|x64.ActiveCfg = Debug.static.sequential|x64
		{40537CD7-86C1-48A3-B837-C8EE93242055}.Debug.static.sequential|x64.Build.0 = Debug.static.sequential|x64
		{40537CD7-86C1-48A3-B837-C8EE93242055}.Debug.static.threaded|x64.ActiveCfg = Debug.static.threaded|x64
		{40537CD7-86C1-48A3-B837-C8EE93242055}.Debug.static.threaded|x64.Build.0 = Debug.static.threaded|x64
		{40537CD7-86C1-48A3-B837-C8EE93242055}.Release.dynamic.sequential|x64.ActiveCfg = Release.dynamic.sequential|x64
		{40537CD7-86C1-48A3-B837-C8EE93242055}.Release.dynamic.sequential|x64.Build.0 = Release.dynamic.sequential|x64
		{40537CD7-86C1-48A3-B837-C8EE93242055}.Release.dynamic.threaded|x64.ActiveCfg = Release.dynamic.threaded|x64
		{40537CD7-86C1-48A3-B837-C8EE93242055}.Release.dynamic.threaded|x64.Build.0 = Release.dynamic.threaded|x64
		{40537CD7-86C1-48A3-B837-C8EE93242055}.Release.static.sequential|x64.ActiveCfg = Release.static.sequential|x64
		{40537CD7-86C1-48A3-B837-C8EE93242055}.Release.static.sequential|x64.Build.0 = Release.static.sequential|x64
		{40537CD7-86C1-48A3-B837-C8EE93242055}.Release.static.threaded|x64.ActiveCfg = Release.static.threaded|x64
		{40537CD7-86C1-48A3-B837-C8EE93242055}.Release.static.threaded|x64.Build.0 = Release.static.threaded|x64
	EndGlobalSection
	GlobalSection(SolutionProperties) = preSolution
		HideSolutionNode = FALSE
	EndGlobalSection
	GlobalSection(ExtensibilityGlobals) = postSolution
		SolutionGuid = {887A8AC6-F28C-44E7-B8D7-46FD106E7CB2}
	EndGlobalSection
EndGlobal
